
Microsoft Visual Studio Solution File, Format Version 12.00
# Visual Studio Version 17
VisualStudioVersion = 17.14.35906.104
MinimumVisualStudioVersion = 10.0.40219.1
Project("{2150E333-8FDC-42A3-9474-1A3956D46DE8}") = "Helpers", "Helpers", "{E206559B-5371-451B-AD2E-D5E304174D51}"
	ProjectSection(SolutionItems) = preProject
		Helpers\Course.postman_collection.json = Helpers\Course.postman_collection.json
		Helpers\movies.json = Helpers\movies.json
	EndProjectSection
EndProject
Project("{2150E333-8FDC-42A3-9474-1A3956D46DE8}") = "01.Movies", "01.Movies", "{A9F7D666-244E-13E2-1667-096A796A5E2B}"
EndProject
Project("{FAE04EC0-301F-11D3-BF4B-00C04F79EFBC}") = "Movies.Api", "Movies.Api\Movies.Api.csproj", "{44C7A631-4880-4D36-B59D-DC79189609AA}"
EndProject
Project("{FAE04EC0-301F-11D3-BF4B-00C04F79EFBC}") = "Movies.Application", "Movies.Application\Movies.Application.csproj", "{17728085-54E5-4512-AF61-A2F66A7E1EEB}"
EndProject
Project("{FAE04EC0-301F-11D3-BF4B-00C04F79EFBC}") = "Movies.Contracts", "Movies.Contracts\Movies.Contracts.csproj", "{FE81903A-D202-4178-8044-6E91D3DC61A3}"
EndProject
Global
	GlobalSection(SolutionConfigurationPlatforms) = preSolution
		Debug|Any CPU = Debug|Any CPU
		Debug|x64 = Debug|x64
		Debug|x86 = Debug|x86
		Release|Any CPU = Release|Any CPU
		Release|x64 = Release|x64
		Release|x86 = Release|x86
	EndGlobalSection
	GlobalSection(ProjectConfigurationPlatforms) = postSolution
		{44C7A631-4880-4D36-B59D-DC79189609AA}.Debug|Any CPU.ActiveCfg = Debug|Any CPU
		{44C7A631-4880-4D36-B59D-DC79189609AA}.Debug|Any CPU.Build.0 = Debug|Any CPU
		{44C7A631-4880-4D36-B59D-DC79189609AA}.Debug|x64.ActiveCfg = Debug|Any CPU
		{44C7A631-4880-4D36-B59D-DC79189609AA}.Debug|x64.Build.0 = Debug|Any CPU
		{44C7A631-4880-4D36-B59D-DC79189609AA}.Debug|x86.ActiveCfg = Debug|Any CPU
		{44C7A631-4880-4D36-B59D-DC79189609AA}.Debug|x86.Build.0 = Debug|Any CPU
		{44C7A631-4880-4D36-B59D-DC79189609AA}.Release|Any CPU.ActiveCfg = Release|Any CPU
		{44C7A631-4880-4D36-B59D-DC79189609AA}.Release|Any CPU.Build.0 = Release|Any CPU
		{44C7A631-4880-4D36-B59D-DC79189609AA}.Release|x64.ActiveCfg = Release|Any CPU
		{44C7A631-4880-4D36-B59D-DC79189609AA}.Release|x64.Build.0 = Release|Any CPU
		{44C7A631-4880-4D36-B59D-DC79189609AA}.Release|x86.ActiveCfg = Release|Any CPU
		{44C7A631-4880-4D36-B59D-DC79189609AA}.Release|x86.Build.0 = Release|Any CPU
		{17728085-54E5-4512-AF61-A2F66A7E1EEB}.Debug|Any CPU.ActiveCfg = Debug|Any CPU
		{17728085-54E5-4512-AF61-A2F66A7E1EEB}.Debug|Any CPU.Build.0 = Debug|Any CPU
		{17728085-54E5-4512-AF61-A2F66A7E1EEB}.Debug|x64.ActiveCfg = Debug|Any CPU
		{17728085-54E5-4512-AF61-A2F66A7E1EEB}.Debug|x64.Build.0 = Debug|Any CPU
		{17728085-54E5-4512-AF61-A2F66A7E1EEB}.Debug|x86.ActiveCfg = Debug|Any CPU
		{17728085-54E5-4512-AF61-A2F66A7E1EEB}.Debug|x86.Build.0 = Debug|Any CPU
		{17728085-54E5-4512-AF61-A2F66A7E1EEB}.Release|Any CPU.ActiveCfg = Release|Any CPU
		{17728085-54E5-4512-AF61-A2F66A7E1EEB}.Release|Any CPU.Build.0 = Release|Any CPU
		{17728085-54E5-4512-AF61-A2F66A7E1EEB}.Release|x64.ActiveCfg = Release|Any CPU
		{17728085-54E5-4512-AF61-A2F66A7E1EEB}.Release|x64.Build.0 = Release|Any CPU
		{17728085-54E5-4512-AF61-A2F66A7E1EEB}.Release|x86.ActiveCfg = Release|Any CPU
		{17728085-54E5-4512-AF61-A2F66A7E1EEB}.Release|x86.Build.0 = Release|Any CPU
		{FE81903A-D202-4178-8044-6E91D3DC61A3}.Debug|Any CPU.ActiveCfg = Debug|Any CPU
		{FE81903A-D202-4178-8044-6E91D3DC61A3}.Debug|Any CPU.Build.0 = Debug|Any CPU
		{FE81903A-D202-4178-8044-6E91D3DC61A3}.Debug|x64.ActiveCfg = Debug|Any CPU
		{FE81903A-D202-4178-8044-6E91D3DC61A3}.Debug|x64.Build.0 = Debug|Any CPU
		{FE81903A-D202-4178-8044-6E91D3DC61A3}.Debug|x86.ActiveCfg = Debug|Any CPU
		{FE81903A-D202-4178-8044-6E91D3DC61A3}.Debug|x86.Build.0 = Debug|Any CPU
		{FE81903A-D202-4178-8044-6E91D3DC61A3}.Release|Any CPU.ActiveCfg = Release|Any CPU
		{FE81903A-D202-4178-8044-6E91D3DC61A3}.Release|Any CPU.Build.0 = Release|Any CPU
		{FE81903A-D202-4178-8044-6E91D3DC61A3}.Release|x64.ActiveCfg = Release|Any CPU
		{FE81903A-D202-4178-8044-6E91D3DC61A3}.Release|x64.Build.0 = Release|Any CPU
		{FE81903A-D202-4178-8044-6E91D3DC61A3}.Release|x86.ActiveCfg = Release|Any CPU
		{FE81903A-D202-4178-8044-6E91D3DC61A3}.Release|x86.Build.0 = Release|Any CPU
	EndGlobalSection
	GlobalSection(SolutionProperties) = preSolution
		HideSolutionNode = FALSE
	EndGlobalSection
	GlobalSection(NestedProjects) = preSolution
		{44C7A631-4880-4D36-B59D-DC79189609AA} = {A9F7D666-244E-13E2-1667-096A796A5E2B}
		{17728085-54E5-4512-AF61-A2F66A7E1EEB} = {A9F7D666-244E-13E2-1667-096A796A5E2B}
		{FE81903A-D202-4178-8044-6E91D3DC61A3} = {A9F7D666-244E-13E2-1667-096A796A5E2B}
	EndGlobalSection
	GlobalSection(ExtensibilityGlobals) = postSolution
		SolutionGuid = {AC0C52F1-3C57-4ADE-B798-D7A0B072DEDD}
	EndGlobalSection
EndGlobal
